// !$*UTF8*$!
{
	archiveVersion = 1;
	classes = {
	};
	objectVersion = 56;
	objects = {

/* Begin PBXBuildFile section */
		445CB1092EF7901608DE2522 /* Pods_VKClient.framework in Frameworks */ = {isa = PBXBuildFile; fileRef = C0E7D8A7991EB6F2704324BA /* Pods_VKClient.framework */; };
		964A5DEF2C7F7E8800931F07 /* VKClientApp.swift in Sources */ = {isa = PBXBuildFile; fileRef = 964A5DEE2C7F7E8800931F07 /* VKClientApp.swift */; };
		964A5DF32C7F7E8C00931F07 /* Assets.xcassets in Resources */ = {isa = PBXBuildFile; fileRef = 964A5DF22C7F7E8C00931F07 /* Assets.xcassets */; };
		964A5DF62C7F7E8C00931F07 /* Preview Assets.xcassets in Resources */ = {isa = PBXBuildFile; fileRef = 964A5DF52C7F7E8C00931F07 /* Preview Assets.xcassets */; };
		964A5DFF2C7F7ED500931F07 /* AuthView.swift in Sources */ = {isa = PBXBuildFile; fileRef = 964A5DFE2C7F7ED500931F07 /* AuthView.swift */; };
		964A5E012C7F7EE600931F07 /* AuthViewModel.swift in Sources */ = {isa = PBXBuildFile; fileRef = 964A5E002C7F7EE600931F07 /* AuthViewModel.swift */; };
		964A5E032C7F7EF100931F07 /* WebView.swift in Sources */ = {isa = PBXBuildFile; fileRef = 964A5E022C7F7EF100931F07 /* WebView.swift */; };
		964A5E062C7F7F4F00931F07 /* FeedView.swift in Sources */ = {isa = PBXBuildFile; fileRef = 964A5E052C7F7F4F00931F07 /* FeedView.swift */; };
		964A5E0D2C7F83E800931F07 /* Post.swift in Sources */ = {isa = PBXBuildFile; fileRef = 964A5E0C2C7F83E800931F07 /* Post.swift */; };
		964A5E0F2C7F85DF00931F07 /* FeedViewModel.swift in Sources */ = {isa = PBXBuildFile; fileRef = 964A5E0E2C7F85DF00931F07 /* FeedViewModel.swift */; };
		964A5E112C7F868800931F07 /* FeedRow.swift in Sources */ = {isa = PBXBuildFile; fileRef = 964A5E102C7F868800931F07 /* FeedRow.swift */; };
		964A5E142C7F874000931F07 /* KeychainService.swift in Sources */ = {isa = PBXBuildFile; fileRef = 964A5E132C7F874000931F07 /* KeychainService.swift */; };
		968FA5062CADDA2E00B3501E /* FeedDetailView.swift in Sources */ = {isa = PBXBuildFile; fileRef = 968FA5052CADDA2E00B3501E /* FeedDetailView.swift */; };
		968FA5082CAF2B9500B3501E /* VKFeedNews.swift in Sources */ = {isa = PBXBuildFile; fileRef = 968FA5072CAF2B9500B3501E /* VKFeedNews.swift */; };
		968FA50A2CAF6D7400B3501E /* NetworkService.swift in Sources */ = {isa = PBXBuildFile; fileRef = 968FA5092CAF6D7400B3501E /* NetworkService.swift */; };
		968FA50E2CAF72E600B3501E /* VKAPIService.swift in Sources */ = {isa = PBXBuildFile; fileRef = 968FA50D2CAF72E600B3501E /* VKAPIService.swift */; };
/* End PBXBuildFile section */

/* Begin PBXFileReference section */
		1C2731702DB1A0FA907B6378 /* Pods-VKClient.release.xcconfig */ = {isa = PBXFileReference; includeInIndex = 1; lastKnownFileType = text.xcconfig; name = "Pods-VKClient.release.xcconfig"; path = "Target Support Files/Pods-VKClient/Pods-VKClient.release.xcconfig"; sourceTree = "<group>"; };
		43D6E931137CB83CB4378E19 /* Pods-VKClient.debug.xcconfig */ = {isa = PBXFileReference; includeInIndex = 1; lastKnownFileType = text.xcconfig; name = "Pods-VKClient.debug.xcconfig"; path = "Target Support Files/Pods-VKClient/Pods-VKClient.debug.xcconfig"; sourceTree = "<group>"; };
		964A5DEB2C7F7E8800931F07 /* VKClient.app */ = {isa = PBXFileReference; explicitFileType = wrapper.application; includeInIndex = 0; path = VKClient.app; sourceTree = BUILT_PRODUCTS_DIR; };
		964A5DEE2C7F7E8800931F07 /* VKClientApp.swift */ = {isa = PBXFileReference; lastKnownFileType = sourcecode.swift; path = VKClientApp.swift; sourceTree = "<group>"; };
		964A5DF22C7F7E8C00931F07 /* Assets.xcassets */ = {isa = PBXFileReference; lastKnownFileType = folder.assetcatalog; path = Assets.xcassets; sourceTree = "<group>"; };
		964A5DF52C7F7E8C00931F07 /* Preview Assets.xcassets */ = {isa = PBXFileReference; lastKnownFileType = folder.assetcatalog; path = "Preview Assets.xcassets"; sourceTree = "<group>"; };
		964A5DFE2C7F7ED500931F07 /* AuthView.swift */ = {isa = PBXFileReference; lastKnownFileType = sourcecode.swift; path = AuthView.swift; sourceTree = "<group>"; };
		964A5E002C7F7EE600931F07 /* AuthViewModel.swift */ = {isa = PBXFileReference; lastKnownFileType = sourcecode.swift; path = AuthViewModel.swift; sourceTree = "<group>"; };
		964A5E022C7F7EF100931F07 /* WebView.swift */ = {isa = PBXFileReference; lastKnownFileType = sourcecode.swift; path = WebView.swift; sourceTree = "<group>"; };
		964A5E052C7F7F4F00931F07 /* FeedView.swift */ = {isa = PBXFileReference; lastKnownFileType = sourcecode.swift; path = FeedView.swift; sourceTree = "<group>"; };
		964A5E0C2C7F83E800931F07 /* Post.swift */ = {isa = PBXFileReference; lastKnownFileType = sourcecode.swift; path = Post.swift; sourceTree = "<group>"; };
		964A5E0E2C7F85DF00931F07 /* FeedViewModel.swift */ = {isa = PBXFileReference; lastKnownFileType = sourcecode.swift; path = FeedViewModel.swift; sourceTree = "<group>"; };
		964A5E102C7F868800931F07 /* FeedRow.swift */ = {isa = PBXFileReference; lastKnownFileType = sourcecode.swift; path = FeedRow.swift; sourceTree = "<group>"; };
		964A5E132C7F874000931F07 /* KeychainService.swift */ = {isa = PBXFileReference; lastKnownFileType = sourcecode.swift; path = KeychainService.swift; sourceTree = "<group>"; };
		968FA5052CADDA2E00B3501E /* FeedDetailView.swift */ = {isa = PBXFileReference; lastKnownFileType = sourcecode.swift; path = FeedDetailView.swift; sourceTree = "<group>"; };
		968FA5072CAF2B9500B3501E /* VKFeedNews.swift */ = {isa = PBXFileReference; lastKnownFileType = sourcecode.swift; path = VKFeedNews.swift; sourceTree = "<group>"; };
		968FA5092CAF6D7400B3501E /* NetworkService.swift */ = {isa = PBXFileReference; lastKnownFileType = sourcecode.swift; path = NetworkService.swift; sourceTree = "<group>"; };
		968FA50D2CAF72E600B3501E /* VKAPIService.swift */ = {isa = PBXFileReference; lastKnownFileType = sourcecode.swift; path = VKAPIService.swift; sourceTree = "<group>"; };
		C0E7D8A7991EB6F2704324BA /* Pods_VKClient.framework */ = {isa = PBXFileReference; explicitFileType = wrapper.framework; includeInIndex = 0; path = Pods_VKClient.framework; sourceTree = BUILT_PRODUCTS_DIR; };
/* End PBXFileReference section */

/* Begin PBXFrameworksBuildPhase section */
		964A5DE82C7F7E8800931F07 /* Frameworks */ = {
			isa = PBXFrameworksBuildPhase;
			buildActionMask = 2147483647;
			files = (
				445CB1092EF7901608DE2522 /* Pods_VKClient.framework in Frameworks */,
			);
			runOnlyForDeploymentPostprocessing = 0;
		};
/* End PBXFrameworksBuildPhase section */

/* Begin PBXGroup section */
		4FB1697C29B11CC384ED27D8 /* Pods */ = {
			isa = PBXGroup;
			children = (
				43D6E931137CB83CB4378E19 /* Pods-VKClient.debug.xcconfig */,
				1C2731702DB1A0FA907B6378 /* Pods-VKClient.release.xcconfig */,
			);
			path = Pods;
			sourceTree = "<group>";
		};
		964A5DE22C7F7E8800931F07 = {
			isa = PBXGroup;
			children = (
				964A5DED2C7F7E8800931F07 /* VKClient */,
				964A5DEC2C7F7E8800931F07 /* Products */,
				4FB1697C29B11CC384ED27D8 /* Pods */,
				FCCBC8A47F1F9556D3AF0618 /* Frameworks */,
			);
			sourceTree = "<group>";
		};
		964A5DEC2C7F7E8800931F07 /* Products */ = {
			isa = PBXGroup;
			children = (
				964A5DEB2C7F7E8800931F07 /* VKClient.app */,
			);
			name = Products;
			sourceTree = "<group>";
		};
		964A5DED2C7F7E8800931F07 /* VKClient */ = {
			isa = PBXGroup;
			children = (
				964A5E0A2C7F7FA300931F07 /* Application */,
				964A5DFC2C7F7EB200931F07 /* Modules */,
				964A5E0B2C7F83D400931F07 /* Models */,
				964A5E072C7F7F7A00931F07 /* Common */,
				964A5DF42C7F7E8C00931F07 /* Preview Content */,
			);
			path = VKClient;
			sourceTree = "<group>";
		};
		964A5DF42C7F7E8C00931F07 /* Preview Content */ = {
			isa = PBXGroup;
			children = (
				964A5DF52C7F7E8C00931F07 /* Preview Assets.xcassets */,
			);
			path = "Preview Content";
			sourceTree = "<group>";
		};
		964A5DFC2C7F7EB200931F07 /* Modules */ = {
			isa = PBXGroup;
			children = (
				964A5DFD2C7F7EB800931F07 /* Auth */,
				964A5E042C7F7F2A00931F07 /* Feed */,
			);
			path = Modules;
			sourceTree = "<group>";
		};
		964A5DFD2C7F7EB800931F07 /* Auth */ = {
			isa = PBXGroup;
			children = (
				964A5DFE2C7F7ED500931F07 /* AuthView.swift */,
				964A5E002C7F7EE600931F07 /* AuthViewModel.swift */,
				964A5E022C7F7EF100931F07 /* WebView.swift */,
			);
			path = Auth;
			sourceTree = "<group>";
		};
		964A5E042C7F7F2A00931F07 /* Feed */ = {
			isa = PBXGroup;
			children = (
				964A5E052C7F7F4F00931F07 /* FeedView.swift */,
				964A5E0E2C7F85DF00931F07 /* FeedViewModel.swift */,
				964A5E102C7F868800931F07 /* FeedRow.swift */,
				968FA5052CADDA2E00B3501E /* FeedDetailView.swift */,
			);
			path = Feed;
			sourceTree = "<group>";
		};
		964A5E072C7F7F7A00931F07 /* Common */ = {
			isa = PBXGroup;
			children = (
				964A5E122C7F872F00931F07 /* Services */,
				964A5E082C7F7F8300931F07 /* Resources */,
			);
			path = Common;
			sourceTree = "<group>";
		};
		964A5E082C7F7F8300931F07 /* Resources */ = {
			isa = PBXGroup;
			children = (
				964A5E092C7F7F8E00931F07 /* Assets */,
			);
			path = Resources;
			sourceTree = "<group>";
		};
		964A5E092C7F7F8E00931F07 /* Assets */ = {
			isa = PBXGroup;
			children = (
				964A5DF22C7F7E8C00931F07 /* Assets.xcassets */,
			);
			path = Assets;
			sourceTree = "<group>";
		};
		964A5E0A2C7F7FA300931F07 /* Application */ = {
			isa = PBXGroup;
			children = (
				964A5DEE2C7F7E8800931F07 /* VKClientApp.swift */,
			);
			path = Application;
			sourceTree = "<group>";
		};
		964A5E0B2C7F83D400931F07 /* Models */ = {
			isa = PBXGroup;
			children = (
				964A5E0C2C7F83E800931F07 /* Post.swift */,
				968FA5072CAF2B9500B3501E /* VKFeedNews.swift */,
			);
			path = Models;
			sourceTree = "<group>";
		};
		964A5E122C7F872F00931F07 /* Services */ = {
			isa = PBXGroup;
			children = (
				964A5E132C7F874000931F07 /* KeychainService.swift */,
				968FA5092CAF6D7400B3501E /* NetworkService.swift */,
				968FA50D2CAF72E600B3501E /* VKAPIService.swift */,
			);
			path = Services;
			sourceTree = "<group>";
		};
		FCCBC8A47F1F9556D3AF0618 /* Frameworks */ = {
			isa = PBXGroup;
			children = (
				C0E7D8A7991EB6F2704324BA /* Pods_VKClient.framework */,
			);
			name = Frameworks;
			sourceTree = "<group>";
		};
/* End PBXGroup section */

/* Begin PBXNativeTarget section */
		964A5DEA2C7F7E8800931F07 /* VKClient */ = {
			isa = PBXNativeTarget;
			buildConfigurationList = 964A5DF92C7F7E8C00931F07 /* Build configuration list for PBXNativeTarget "VKClient" */;
			buildPhases = (
				768BEEA718DABE046066BB9A /* [CP] Check Pods Manifest.lock */,
				964A5DE72C7F7E8800931F07 /* Sources */,
				964A5DE82C7F7E8800931F07 /* Frameworks */,
				964A5DE92C7F7E8800931F07 /* Resources */,
				5C5904D5D91433B16A5E6B50 /* [CP] Embed Pods Frameworks */,
			);
			buildRules = (
			);
			dependencies = (
			);
			name = VKClient;
			productName = VKClient;
			productReference = 964A5DEB2C7F7E8800931F07 /* VKClient.app */;
			productType = "com.apple.product-type.application";
		};
/* End PBXNativeTarget section */

/* Begin PBXProject section */
		964A5DE32C7F7E8800931F07 /* Project object */ = {
			isa = PBXProject;
			attributes = {
				BuildIndependentTargetsInParallel = 1;
				LastSwiftUpdateCheck = 1500;
				LastUpgradeCheck = 1500;
				TargetAttributes = {
					964A5DEA2C7F7E8800931F07 = {
						CreatedOnToolsVersion = 15.0;
					};
				};
			};
			buildConfigurationList = 964A5DE62C7F7E8800931F07 /* Build configuration list for PBXProject "VKClient" */;
			compatibilityVersion = "Xcode 14.0";
			developmentRegion = en;
			hasScannedForEncodings = 0;
			knownRegions = (
				en,
				Base,
			);
			mainGroup = 964A5DE22C7F7E8800931F07;
			productRefGroup = 964A5DEC2C7F7E8800931F07 /* Products */;
			projectDirPath = "";
			projectRoot = "";
			targets = (
				964A5DEA2C7F7E8800931F07 /* VKClient */,
			);
		};
/* End PBXProject section */

/* Begin PBXResourcesBuildPhase section */
		964A5DE92C7F7E8800931F07 /* Resources */ = {
			isa = PBXResourcesBuildPhase;
			buildActionMask = 2147483647;
			files = (
				964A5DF62C7F7E8C00931F07 /* Preview Assets.xcassets in Resources */,
				964A5DF32C7F7E8C00931F07 /* Assets.xcassets in Resources */,
			);
			runOnlyForDeploymentPostprocessing = 0;
		};
/* End PBXResourcesBuildPhase section */

/* Begin PBXShellScriptBuildPhase section */
		5C5904D5D91433B16A5E6B50 /* [CP] Embed Pods Frameworks */ = {
			isa = PBXShellScriptBuildPhase;
			buildActionMask = 2147483647;
			files = (
			);
			inputFileListPaths = (
				"${PODS_ROOT}/Target Support Files/Pods-VKClient/Pods-VKClient-frameworks-${CONFIGURATION}-input-files.xcfilelist",
			);
			name = "[CP] Embed Pods Frameworks";
			outputFileListPaths = (
				"${PODS_ROOT}/Target Support Files/Pods-VKClient/Pods-VKClient-frameworks-${CONFIGURATION}-output-files.xcfilelist",
			);
			runOnlyForDeploymentPostprocessing = 0;
			shellPath = /bin/sh;
			shellScript = "\"${PODS_ROOT}/Target Support Files/Pods-VKClient/Pods-VKClient-frameworks.sh\"\n";
			showEnvVarsInLog = 0;
		};
		768BEEA718DABE046066BB9A /* [CP] Check Pods Manifest.lock */ = {
			isa = PBXShellScriptBuildPhase;
			buildActionMask = 2147483647;
			files = (
			);
			inputFileListPaths = (
			);
			inputPaths = (
				"${PODS_PODFILE_DIR_PATH}/Podfile.lock",
				"${PODS_ROOT}/Manifest.lock",
			);
			name = "[CP] Check Pods Manifest.lock";
			outputFileListPaths = (
			);
			outputPaths = (
				"$(DERIVED_FILE_DIR)/Pods-VKClient-checkManifestLockResult.txt",
			);
			runOnlyForDeploymentPostprocessing = 0;
			shellPath = /bin/sh;
			shellScript = "diff \"${PODS_PODFILE_DIR_PATH}/Podfile.lock\" \"${PODS_ROOT}/Manifest.lock\" > /dev/null\nif [ $? != 0 ] ; then\n    # print error to STDERR\n    echo \"error: The sandbox is not in sync with the Podfile.lock. Run 'pod install' or update your CocoaPods installation.\" >&2\n    exit 1\nfi\n# This output is used by Xcode 'outputs' to avoid re-running this script phase.\necho \"SUCCESS\" > \"${SCRIPT_OUTPUT_FILE_0}\"\n";
			showEnvVarsInLog = 0;
		};
/* End PBXShellScriptBuildPhase section */

/* Begin PBXSourcesBuildPhase section */
		964A5DE72C7F7E8800931F07 /* Sources */ = {
			isa = PBXSourcesBuildPhase;
			buildActionMask = 2147483647;
			files = (
				964A5E0F2C7F85DF00931F07 /* FeedViewModel.swift in Sources */,
				968FA5062CADDA2E00B3501E /* FeedDetailView.swift in Sources */,
				964A5E012C7F7EE600931F07 /* AuthViewModel.swift in Sources */,
				964A5E032C7F7EF100931F07 /* WebView.swift in Sources */,
				964A5DEF2C7F7E8800931F07 /* VKClientApp.swift in Sources */,
				964A5E112C7F868800931F07 /* FeedRow.swift in Sources */,
				964A5E142C7F874000931F07 /* KeychainService.swift in Sources */,
				964A5E0D2C7F83E800931F07 /* Post.swift in Sources */,
				964A5E062C7F7F4F00931F07 /* FeedView.swift in Sources */,
				968FA5082CAF2B9500B3501E /* VKFeedNews.swift in Sources */,
				968FA50A2CAF6D7400B3501E /* NetworkService.swift in Sources */,
				964A5DFF2C7F7ED500931F07 /* AuthView.swift in Sources */,
				968FA50E2CAF72E600B3501E /* VKAPIService.swift in Sources */,
			);
			runOnlyForDeploymentPostprocessing = 0;
		};
/* End PBXSourcesBuildPhase section */

/* Begin XCBuildConfiguration section */
		964A5DF72C7F7E8C00931F07 /* Debug */ = {
			isa = XCBuildConfiguration;
			buildSettings = {
				ALWAYS_SEARCH_USER_PATHS = NO;
				ASSETCATALOG_COMPILER_GENERATE_SWIFT_ASSET_SYMBOL_EXTENSIONS = YES;
				CLANG_ANALYZER_NONNULL = YES;
				CLANG_ANALYZER_NUMBER_OBJECT_CONVERSION = YES_AGGRESSIVE;
				CLANG_CXX_LANGUAGE_STANDARD = "gnu++20";
				CLANG_ENABLE_MODULES = YES;
				CLANG_ENABLE_OBJC_ARC = YES;
				CLANG_ENABLE_OBJC_WEAK = YES;
				CLANG_WARN_BLOCK_CAPTURE_AUTORELEASING = YES;
				CLANG_WARN_BOOL_CONVERSION = YES;
				CLANG_WARN_COMMA = YES;
				CLANG_WARN_CONSTANT_CONVERSION = YES;
				CLANG_WARN_DEPRECATED_OBJC_IMPLEMENTATIONS = YES;
				CLANG_WARN_DIRECT_OBJC_ISA_USAGE = YES_ERROR;
				CLANG_WARN_DOCUMENTATION_COMMENTS = YES;
				CLANG_WARN_EMPTY_BODY = YES;
				CLANG_WARN_ENUM_CONVERSION = YES;
				CLANG_WARN_INFINITE_RECURSION = YES;
				CLANG_WARN_INT_CONVERSION = YES;
				CLANG_WARN_NON_LITERAL_NULL_CONVERSION = YES;
				CLANG_WARN_OBJC_IMPLICIT_RETAIN_SELF = YES;
				CLANG_WARN_OBJC_LITERAL_CONVERSION = YES;
				CLANG_WARN_OBJC_ROOT_CLASS = YES_ERROR;
				CLANG_WARN_QUOTED_INCLUDE_IN_FRAMEWORK_HEADER = YES;
				CLANG_WARN_RANGE_LOOP_ANALYSIS = YES;
				CLANG_WARN_STRICT_PROTOTYPES = YES;
				CLANG_WARN_SUSPICIOUS_MOVE = YES;
				CLANG_WARN_UNGUARDED_AVAILABILITY = YES_AGGRESSIVE;
				CLANG_WARN_UNREACHABLE_CODE = YES;
				CLANG_WARN__DUPLICATE_METHOD_MATCH = YES;
				COPY_PHASE_STRIP = NO;
				DEBUG_INFORMATION_FORMAT = dwarf;
				ENABLE_STRICT_OBJC_MSGSEND = YES;
				ENABLE_TESTABILITY = YES;
				ENABLE_USER_SCRIPT_SANDBOXING = NO;
				GCC_C_LANGUAGE_STANDARD = gnu17;
				GCC_DYNAMIC_NO_PIC = NO;
				GCC_NO_COMMON_BLOCKS = YES;
				GCC_OPTIMIZATION_LEVEL = 0;
				GCC_PREPROCESSOR_DEFINITIONS = (
					"DEBUG=1",
					"$(inherited)",
				);
				GCC_WARN_64_TO_32_BIT_CONVERSION = YES;
				GCC_WARN_ABOUT_RETURN_TYPE = YES_ERROR;
				GCC_WARN_UNDECLARED_SELECTOR = YES;
				GCC_WARN_UNINITIALIZED_AUTOS = YES_AGGRESSIVE;
				GCC_WARN_UNUSED_FUNCTION = YES;
				GCC_WARN_UNUSED_VARIABLE = YES;
				IPHONEOS_DEPLOYMENT_TARGET = 17.0;
				LOCALIZATION_PREFERS_STRING_CATALOGS = YES;
				MTL_ENABLE_DEBUG_INFO = INCLUDE_SOURCE;
				MTL_FAST_MATH = YES;
				ONLY_ACTIVE_ARCH = YES;
				SDKROOT = iphoneos;
				SWIFT_ACTIVE_COMPILATION_CONDITIONS = "DEBUG $(inherited)";
				SWIFT_OPTIMIZATION_LEVEL = "-Onone";
			};
			name = Debug;
		};
		964A5DF82C7F7E8C00931F07 /* Release */ = {
			isa = XCBuildConfiguration;
			buildSettings = {
				ALWAYS_SEARCH_USER_PATHS = NO;
				ASSETCATALOG_COMPILER_GENERATE_SWIFT_ASSET_SYMBOL_EXTENSIONS = YES;
				CLANG_ANALYZER_NONNULL = YES;
				CLANG_ANALYZER_NUMBER_OBJECT_CONVERSION = YES_AGGRESSIVE;
				CLANG_CXX_LANGUAGE_STANDARD = "gnu++20";
				CLANG_ENABLE_MODULES = YES;
				CLANG_ENABLE_OBJC_ARC = YES;
				CLANG_ENABLE_OBJC_WEAK = YES;
				CLANG_WARN_BLOCK_CAPTURE_AUTORELEASING = YES;
				CLANG_WARN_BOOL_CONVERSION = YES;
				CLANG_WARN_COMMA = YES;
				CLANG_WARN_CONSTANT_CONVERSION = YES;
				CLANG_WARN_DEPRECATED_OBJC_IMPLEMENTATIONS = YES;
				CLANG_WARN_DIRECT_OBJC_ISA_USAGE = YES_ERROR;
				CLANG_WARN_DOCUMENTATION_COMMENTS = YES;
				CLANG_WARN_EMPTY_BODY = YES;
				CLANG_WARN_ENUM_CONVERSION = YES;
				CLANG_WARN_INFINITE_RECURSION = YES;
				CLANG_WARN_INT_CONVERSION = YES;
				CLANG_WARN_NON_LITERAL_NULL_CONVERSION = YES;
				CLANG_WARN_OBJC_IMPLICIT_RETAIN_SELF = YES;
				CLANG_WARN_OBJC_LITERAL_CONVERSION = YES;
				CLANG_WARN_OBJC_ROOT_CLASS = YES_ERROR;
				CLANG_WARN_QUOTED_INCLUDE_IN_FRAMEWORK_HEADER = YES;
				CLANG_WARN_RANGE_LOOP_ANALYSIS = YES;
				CLANG_WARN_STRICT_PROTOTYPES = YES;
				CLANG_WARN_SUSPICIOUS_MOVE = YES;
				CLANG_WARN_UNGUARDED_AVAILABILITY = YES_AGGRESSIVE;
				CLANG_WARN_UNREACHABLE_CODE = YES;
				CLANG_WARN__DUPLICATE_METHOD_MATCH = YES;
				COPY_PHASE_STRIP = NO;
				DEBUG_INFORMATION_FORMAT = "dwarf-with-dsym";
				ENABLE_NS_ASSERTIONS = NO;
				ENABLE_STRICT_OBJC_MSGSEND = YES;
				ENABLE_USER_SCRIPT_SANDBOXING = NO;
				GCC_C_LANGUAGE_STANDARD = gnu17;
				GCC_NO_COMMON_BLOCKS = YES;
				GCC_WARN_64_TO_32_BIT_CONVERSION = YES;
				GCC_WARN_ABOUT_RETURN_TYPE = YES_ERROR;
				GCC_WARN_UNDECLARED_SELECTOR = YES;
				GCC_WARN_UNINITIALIZED_AUTOS = YES_AGGRESSIVE;
				GCC_WARN_UNUSED_FUNCTION = YES;
				GCC_WARN_UNUSED_VARIABLE = YES;
				IPHONEOS_DEPLOYMENT_TARGET = 17.0;
				LOCALIZATION_PREFERS_STRING_CATALOGS = YES;
				MTL_ENABLE_DEBUG_INFO = NO;
				MTL_FAST_MATH = YES;
				SDKROOT = iphoneos;
				SWIFT_COMPILATION_MODE = wholemodule;
				VALIDATE_PRODUCT = YES;
			};
			name = Release;
		};
		964A5DFA2C7F7E8C00931F07 /* Debug */ = {
			isa = XCBuildConfiguration;
			baseConfigurationReference = 43D6E931137CB83CB4378E19 /* Pods-VKClient.debug.xcconfig */;
			buildSettings = {
				ASSETCATALOG_COMPILER_APPICON_NAME = AppIcon;
				ASSETCATALOG_COMPILER_GLOBAL_ACCENT_COLOR_NAME = AccentColor;
				CODE_SIGN_STYLE = Automatic;
				CURRENT_PROJECT_VERSION = 1;
				DEVELOPMENT_ASSET_PATHS = "\"VKClient/Preview Content\"";
				DEVELOPMENT_TEAM = XXLQZPCHT9;
				ENABLE_PREVIEWS = YES;
				GENERATE_INFOPLIST_FILE = YES;
				INFOPLIST_KEY_UIApplicationSceneManifest_Generation = YES;
				INFOPLIST_KEY_UIApplicationSupportsIndirectInputEvents = YES;
				INFOPLIST_KEY_UILaunchScreen_Generation = YES;
				INFOPLIST_KEY_UISupportedInterfaceOrientations_iPad = "UIInterfaceOrientationPortrait UIInterfaceOrientationPortraitUpsideDown UIInterfaceOrientationLandscapeLeft UIInterfaceOrientationLandscapeRight";
				INFOPLIST_KEY_UISupportedInterfaceOrientations_iPhone = "UIInterfaceOrientationPortrait UIInterfaceOrientationLandscapeLeft UIInterfaceOrientationLandscapeRight";
				LD_RUNPATH_SEARCH_PATHS = (
					"$(inherited)",
					"@executable_path/Frameworks",
				);
				MARKETING_VERSION = 1.0;
				PRODUCT_BUNDLE_IDENTIFIER = ru.goldencrowndev.VKClient;
				PRODUCT_NAME = "$(TARGET_NAME)";
				SWIFT_EMIT_LOC_STRINGS = YES;
				SWIFT_VERSION = 5.0;
				TARGETED_DEVICE_FAMILY = "1,2";
			};
			name = Debug;
		};
		964A5DFB2C7F7E8C00931F07 /* Release */ = {
			isa = XCBuildConfiguration;
			baseConfigurationReference = 1C2731702DB1A0FA907B6378 /* Pods-VKClient.release.xcconfig */;
			buildSettings = {
				ASSETCATALOG_COMPILER_APPICON_NAME = AppIcon;
				ASSETCATALOG_COMPILER_GLOBAL_ACCENT_COLOR_NAME = AccentColor;
				CODE_SIGN_STYLE = Automatic;
				CURRENT_PROJECT_VERSION = 1;
				DEVELOPMENT_ASSET_PATHS = "\"VKClient/Preview Content\"";
				DEVELOPMENT_TEAM = XXLQZPCHT9;
				ENABLE_PREVIEWS = YES;
				GENERATE_INFOPLIST_FILE = YES;
				INFOPLIST_KEY_UIApplicationSceneManifest_Generation = YES;
				INFOPLIST_KEY_UIApplicationSupportsIndirectInputEvents = YES;
				INFOPLIST_KEY_UILaunchScreen_Generation = YES;
				INFOPLIST_KEY_UISupportedInterfaceOrientations_iPad = "UIInterfaceOrientationPortrait UIInterfaceOrientationPortraitUpsideDown UIInterfaceOrientationLandscapeLeft UIInterfaceOrientationLandscapeRight";
				INFOPLIST_KEY_UISupportedInterfaceOrientations_iPhone = "UIInterfaceOrientationPortrait UIInterfaceOrientationLandscapeLeft UIInterfaceOrientationLandscapeRight";
				LD_RUNPATH_SEARCH_PATHS = (
					"$(inherited)",
					"@executable_path/Frameworks",
				);
				MARKETING_VERSION = 1.0;
				PRODUCT_BUNDLE_IDENTIFIER = ru.goldencrowndev.VKClient;
				PRODUCT_NAME = "$(TARGET_NAME)";
				SWIFT_EMIT_LOC_STRINGS = YES;
				SWIFT_VERSION = 5.0;
				TARGETED_DEVICE_FAMILY = "1,2";
			};
			name = Release;
		};
/* End XCBuildConfiguration section */

/* Begin XCConfigurationList section */
		964A5DE62C7F7E8800931F07 /* Build configuration list for PBXProject "VKClient" */ = {
			isa = XCConfigurationList;
			buildConfigurations = (
				964A5DF72C7F7E8C00931F07 /* Debug */,
				964A5DF82C7F7E8C00931F07 /* Release */,
			);
			defaultConfigurationIsVisible = 0;
			defaultConfigurationName = Release;
		};
		964A5DF92C7F7E8C00931F07 /* Build configuration list for PBXNativeTarget "VKClient" */ = {
			isa = XCConfigurationList;
			buildConfigurations = (
				964A5DFA2C7F7E8C00931F07 /* Debug */,
				964A5DFB2C7F7E8C00931F07 /* Release */,
			);
			defaultConfigurationIsVisible = 0;
			defaultConfigurationName = Release;
		};
/* End XCConfigurationList section */
	};
	rootObject = 964A5DE32C7F7E8800931F07 /* Project object */;
}
